// !$*UTF8*$!
{
	archiveVersion = 1;
	classes = {
	};
	objectVersion = 50;
	objects = {

/* Begin PBXBuildFile section */
		BB9A167625EC10D500189099 /* AlertType.swift in Sources */ = {isa = PBXBuildFile; fileRef = BB9A167525EC10D500189099 /* AlertType.swift */; };
		BBD6ABAE25EC01F600E7593D /* AlertBuilderApp.swift in Sources */ = {isa = PBXBuildFile; fileRef = BBD6ABAD25EC01F600E7593D /* AlertBuilderApp.swift */; };
		BBD6ABB025EC01F600E7593D /* ContentView.swift in Sources */ = {isa = PBXBuildFile; fileRef = BBD6ABAF25EC01F600E7593D /* ContentView.swift */; };
		BBD6ABB225EC01F700E7593D /* Assets.xcassets in Resources */ = {isa = PBXBuildFile; fileRef = BBD6ABB125EC01F700E7593D /* Assets.xcassets */; };
		BBD6ABB525EC01F700E7593D /* Preview Assets.xcassets in Resources */ = {isa = PBXBuildFile; fileRef = BBD6ABB425EC01F700E7593D /* Preview Assets.xcassets */; };
		BBD6ABBF25EC06E300E7593D /* GreenButtonStyle.swift in Sources */ = {isa = PBXBuildFile; fileRef = BBD6ABBE25EC06E300E7593D /* GreenButtonStyle.swift */; };
/* End PBXBuildFile section */

/* Begin PBXFileReference section */
		BB9A167525EC10D500189099 /* AlertType.swift */ = {isa = PBXFileReference; lastKnownFileType = sourcecode.swift; path = AlertType.swift; sourceTree = "<group>"; };
		BBD6ABAA25EC01F600E7593D /* AlertBuilder.app */ = {isa = PBXFileReference; explicitFileType = wrapper.application; includeInIndex = 0; path = AlertBuilder.app; sourceTree = BUILT_PRODUCTS_DIR; };
		BBD6ABAD25EC01F600E7593D /* AlertBuilderApp.swift */ = {isa = PBXFileReference; lastKnownFileType = sourcecode.swift; path = AlertBuilderApp.swift; sourceTree = "<group>"; };
		BBD6ABAF25EC01F600E7593D /* ContentView.swift */ = {isa = PBXFileReference; lastKnownFileType = sourcecode.swift; path = ContentView.swift; sourceTree = "<group>"; };
		BBD6ABB125EC01F700E7593D /* Assets.xcassets */ = {isa = PBXFileReference; lastKnownFileType = folder.assetcatalog; path = Assets.xcassets; sourceTree = "<group>"; };
		BBD6ABB425EC01F700E7593D /* Preview Assets.xcassets */ = {isa = PBXFileReference; lastKnownFileType = folder.assetcatalog; path = "Preview Assets.xcassets"; sourceTree = "<group>"; };
		BBD6ABB625EC01F700E7593D /* Info.plist */ = {isa = PBXFileReference; lastKnownFileType = text.plist.xml; path = Info.plist; sourceTree = "<group>"; };
		BBD6ABBE25EC06E300E7593D /* GreenButtonStyle.swift */ = {isa = PBXFileReference; lastKnownFileType = sourcecode.swift; path = GreenButtonStyle.swift; sourceTree = "<group>"; };
/* End PBXFileReference section */

/* Begin PBXFrameworksBuildPhase section */
		BBD6ABA725EC01F600E7593D /* Frameworks */ = {
			isa = PBXFrameworksBuildPhase;
			buildActionMask = 2147483647;
			files = (
			);
			runOnlyForDeploymentPostprocessing = 0;
		};
/* End PBXFrameworksBuildPhase section */

/* Begin PBXGroup section */
		BBD6ABA125EC01F600E7593D = {
			isa = PBXGroup;
			children = (
				BBD6ABAC25EC01F600E7593D /* AlertBuilder */,
				BBD6ABAB25EC01F600E7593D /* Products */,
			);
			sourceTree = "<group>";
		};
		BBD6ABAB25EC01F600E7593D /* Products */ = {
			isa = PBXGroup;
			children = (
				BBD6ABAA25EC01F600E7593D /* AlertBuilder.app */,
			);
			name = Products;
			sourceTree = "<group>";
		};
		BBD6ABAC25EC01F600E7593D /* AlertBuilder */ = {
			isa = PBXGroup;
			children = (
				BBD6ABAD25EC01F600E7593D /* AlertBuilderApp.swift */,
				BBD6ABAF25EC01F600E7593D /* ContentView.swift */,
				BB9A167525EC10D500189099 /* AlertType.swift */,
				BBD6ABBE25EC06E300E7593D /* GreenButtonStyle.swift */,
				BBD6ABB125EC01F700E7593D /* Assets.xcassets */,
				BBD6ABB625EC01F700E7593D /* Info.plist */,
				BBD6ABB325EC01F700E7593D /* Preview Content */,
			);
			path = AlertBuilder;
			sourceTree = "<group>";
		};
		BBD6ABB325EC01F700E7593D /* Preview Content */ = {
			isa = PBXGroup;
			children = (
				BBD6ABB425EC01F700E7593D /* Preview Assets.xcassets */,
			);
			path = "Preview Content";
			sourceTree = "<group>";
		};
/* End PBXGroup section */

/* Begin PBXNativeTarget section */
		BBD6ABA925EC01F600E7593D /* AlertBuilder */ = {
			isa = PBXNativeTarget;
			buildConfigurationList = BBD6ABB925EC01F700E7593D /* Build configuration list for PBXNativeTarget "AlertBuilder" */;
			buildPhases = (
				BBD6ABA625EC01F600E7593D /* Sources */,
				BBD6ABA725EC01F600E7593D /* Frameworks */,
				BBD6ABA825EC01F600E7593D /* Resources */,
			);
			buildRules = (
			);
			dependencies = (
			);
			name = AlertBuilder;
			productName = AlertBuilder;
			productReference = BBD6ABAA25EC01F600E7593D /* AlertBuilder.app */;
			productType = "com.apple.product-type.application";
		};
/* End PBXNativeTarget section */

/* Begin PBXProject section */
		BBD6ABA225EC01F600E7593D /* Project object */ = {
			isa = PBXProject;
			attributes = {
				LastSwiftUpdateCheck = 1230;
				LastUpgradeCheck = 1230;
				TargetAttributes = {
					BBD6ABA925EC01F600E7593D = {
						CreatedOnToolsVersion = 12.3;
					};
				};
			};
			buildConfigurationList = BBD6ABA525EC01F600E7593D /* Build configuration list for PBXProject "AlertBuilder" */;
			compatibilityVersion = "Xcode 9.3";
			developmentRegion = en;
			hasScannedForEncodings = 0;
			knownRegions = (
				en,
				Base,
			);
			mainGroup = BBD6ABA125EC01F600E7593D;
			productRefGroup = BBD6ABAB25EC01F600E7593D /* Products */;
			projectDirPath = "";
			projectRoot = "";
			targets = (
				BBD6ABA925EC01F600E7593D /* AlertBuilder */,
			);
		};
/* End PBXProject section */

/* Begin PBXResourcesBuildPhase section */
		BBD6ABA825EC01F600E7593D /* Resources */ = {
			isa = PBXResourcesBuildPhase;
			buildActionMask = 2147483647;
			files = (
				BBD6ABB525EC01F700E7593D /* Preview Assets.xcassets in Resources */,
				BBD6ABB225EC01F700E7593D /* Assets.xcassets in Resources */,
			);
			runOnlyForDeploymentPostprocessing = 0;
		};
/* End PBXResourcesBuildPhase section */

/* Begin PBXSourcesBuildPhase section */
		BBD6ABA625EC01F600E7593D /* Sources */ = {
			isa = PBXSourcesBuildPhase;
			buildActionMask = 2147483647;
			files = (
				BB9A167625EC10D500189099 /* AlertType.swift in Sources */,
				BBD6ABB025EC01F600E7593D /* ContentView.swift in Sources */,
				BBD6ABBF25EC06E300E7593D /* GreenButtonStyle.swift in Sources */,
				BBD6ABAE25EC01F600E7593D /* AlertBuilderApp.swift in Sources */,
			);
			runOnlyForDeploymentPostprocessing = 0;
		};
/* End PBXSourcesBuildPhase section */

/* Begin XCBuildConfiguration section */
		BBD6ABB725EC01F700E7593D /* Debug */ = {
			isa = XCBuildConfiguration;
			buildSettings = {
				ALWAYS_SEARCH_USER_PATHS = NO;
				CLANG_ANALYZER_NONNULL = YES;
				CLANG_ANALYZER_NUMBER_OBJECT_CONVERSION = YES_AGGRESSIVE;
				CLANG_CXX_LANGUAGE_STANDARD = "gnu++14";
				CLANG_CXX_LIBRARY = "libc++";
				CLANG_ENABLE_MODULES = YES;
				CLANG_ENABLE_OBJC_ARC = YES;
				CLANG_ENABLE_OBJC_WEAK = YES;
				CLANG_WARN_BLOCK_CAPTURE_AUTORELEASING = YES;
				CLANG_WARN_BOOL_CONVERSION = YES;
				CLANG_WARN_COMMA = YES;
				CLANG_WARN_CONSTANT_CONVERSION = YES;
				CLANG_WARN_DEPRECATED_OBJC_IMPLEMENTATIONS = YES;
				CLANG_WARN_DIRECT_OBJC_ISA_USAGE = YES_ERROR;
				CLANG_WARN_DOCUMENTATION_COMMENTS = YES;
				CLANG_WARN_EMPTY_BODY = YES;
				CLANG_WARN_ENUM_CONVERSION = YES;
				CLANG_WARN_INFINITE_RECURSION = YES;
				CLANG_WARN_INT_CONVERSION = YES;
				CLANG_WARN_NON_LITERAL_NULL_CONVERSION = YES;
				CLANG_WARN_OBJC_IMPLICIT_RETAIN_SELF = YES;
				CLANG_WARN_OBJC_LITERAL_CONVERSION = YES;
				CLANG_WARN_OBJC_ROOT_CLASS = YES_ERROR;
				CLANG_WARN_QUOTED_INCLUDE_IN_FRAMEWORK_HEADER = YES;
				CLANG_WARN_RANGE_LOOP_ANALYSIS = YES;
				CLANG_WARN_STRICT_PROTOTYPES = YES;
				CLANG_WARN_SUSPICIOUS_MOVE = YES;
				CLANG_WARN_UNGUARDED_AVAILABILITY = YES_AGGRESSIVE;
				CLANG_WARN_UNREACHABLE_CODE = YES;
				CLANG_WARN__DUPLICATE_METHOD_MATCH = YES;
				COPY_PHASE_STRIP = NO;
				DEBUG_INFORMATION_FORMAT = dwarf;
				ENABLE_STRICT_OBJC_MSGSEND = YES;
				ENABLE_TESTABILITY = YES;
				GCC_C_LANGUAGE_STANDARD = gnu11;
				GCC_DYNAMIC_NO_PIC = NO;
				GCC_NO_COMMON_BLOCKS = YES;
				GCC_OPTIMIZATION_LEVEL = 0;
				GCC_PREPROCESSOR_DEFINITIONS = (
					"DEBUG=1",
					"$(inherited)",
				);
				GCC_WARN_64_TO_32_BIT_CONVERSION = YES;
				GCC_WARN_ABOUT_RETURN_TYPE = YES_ERROR;
				GCC_WARN_UNDECLARED_SELECTOR = YES;
				GCC_WARN_UNINITIALIZED_AUTOS = YES_AGGRESSIVE;
				GCC_WARN_UNUSED_FUNCTION = YES;
				GCC_WARN_UNUSED_VARIABLE = YES;
				IPHONEOS_DEPLOYMENT_TARGET = 14.3;
				MTL_ENABLE_DEBUG_INFO = INCLUDE_SOURCE;
				MTL_FAST_MATH = YES;
				ONLY_ACTIVE_ARCH = YES;
				SDKROOT = iphoneos;
				SWIFT_ACTIVE_COMPILATION_CONDITIONS = DEBUG;
				SWIFT_OPTIMIZATION_LEVEL = "-Onone";
			};
			name = Debug;
		};
		BBD6ABB825EC01F700E7593D /* Release */ = {
			isa = XCBuildConfiguration;
			buildSettings = {
				ALWAYS_SEARCH_USER_PATHS = NO;
				CLANG_ANALYZER_NONNULL = YES;
				CLANG_ANALYZER_NUMBER_OBJECT_CONVERSION = YES_AGGRESSIVE;
				CLANG_CXX_LANGUAGE_STANDARD = "gnu++14";
				CLANG_CXX_LIBRARY = "libc++";
				CLANG_ENABLE_MODULES = YES;
				CLANG_ENABLE_OBJC_ARC = YES;
				CLANG_ENABLE_OBJC_WEAK = YES;
				CLANG_WARN_BLOCK_CAPTURE_AUTORELEASING = YES;
				CLANG_WARN_BOOL_CONVERSION = YES;
				CLANG_WARN_COMMA = YES;
				CLANG_WARN_CONSTANT_CONVERSION = YES;
				CLANG_WARN_DEPRECATED_OBJC_IMPLEMENTATIONS = YES;
				CLANG_WARN_DIRECT_OBJC_ISA_USAGE = YES_ERROR;
				CLANG_WARN_DOCUMENTATION_COMMENTS = YES;
				CLANG_WARN_EMPTY_BODY = YES;
				CLANG_WARN_ENUM_CONVERSION = YES;
				CLANG_WARN_INFINITE_RECURSION = YES;
				CLANG_WARN_INT_CONVERSION = YES;
				CLANG_WARN_NON_LITERAL_NULL_CONVERSION = YES;
				CLANG_WARN_OBJC_IMPLICIT_RETAIN_SELF = YES;
				CLANG_WARN_OBJC_LITERAL_CONVERSION = YES;
				CLANG_WARN_OBJC_ROOT_CLASS = YES_ERROR;
				CLANG_WARN_QUOTED_INCLUDE_IN_FRAMEWORK_HEADER = YES;
				CLANG_WARN_RANGE_LOOP_ANALYSIS = YES;
				CLANG_WARN_STRICT_PROTOTYPES = YES;
				CLANG_WARN_SUSPICIOUS_MOVE = YES;
				CLANG_WARN_UNGUARDED_AVAILABILITY = YES_AGGRESSIVE;
				CLANG_WARN_UNREACHABLE_CODE = YES;
				CLANG_WARN__DUPLICATE_METHOD_MATCH = YES;
				COPY_PHASE_STRIP = NO;
				DEBUG_INFORMATION_FORMAT = "dwarf-with-dsym";
				ENABLE_NS_ASSERTIONS = NO;
				ENABLE_STRICT_OBJC_MSGSEND = YES;
				GCC_C_LANGUAGE_STANDARD = gnu11;
				GCC_NO_COMMON_BLOCKS = YES;
				GCC_WARN_64_TO_32_BIT_CONVERSION = YES;
				GCC_WARN_ABOUT_RETURN_TYPE = YES_ERROR;
				GCC_WARN_UNDECLARED_SELECTOR = YES;
				GCC_WARN_UNINITIALIZED_AUTOS = YES_AGGRESSIVE;
				GCC_WARN_UNUSED_FUNCTION = YES;
				GCC_WARN_UNUSED_VARIABLE = YES;
				IPHONEOS_DEPLOYMENT_TARGET = 14.3;
				MTL_ENABLE_DEBUG_INFO = NO;
				MTL_FAST_MATH = YES;
				SDKROOT = iphoneos;
				SWIFT_COMPILATION_MODE = wholemodule;
				SWIFT_OPTIMIZATION_LEVEL = "-O";
				VALIDATE_PRODUCT = YES;
			};
			name = Release;
		};
		BBD6ABBA25EC01F700E7593D /* Debug */ = {
			isa = XCBuildConfiguration;
			buildSettings = {
				ASSETCATALOG_COMPILER_APPICON_NAME = AppIcon;
				ASSETCATALOG_COMPILER_GLOBAL_ACCENT_COLOR_NAME = AccentColor;
				CODE_SIGN_STYLE = Automatic;
				DEVELOPMENT_ASSET_PATHS = "\"AlertBuilder/Preview Content\"";
				DEVELOPMENT_TEAM = RKV4UP49S6;
				ENABLE_PREVIEWS = YES;
				INFOPLIST_FILE = AlertBuilder/Info.plist;
				IPHONEOS_DEPLOYMENT_TARGET = 14.0;
				LD_RUNPATH_SEARCH_PATHS = (
					"$(inherited)",
					"@executable_path/Frameworks",
				);
				PRODUCT_BUNDLE_IDENTIFIER = com.createchsol.AlertBuilder;
				PRODUCT_NAME = "$(TARGET_NAME)";
				SWIFT_VERSION = 5.0;
				TARGETED_DEVICE_FAMILY = "1,2";
			};
			name = Debug;
		};
		BBD6ABBB25EC01F700E7593D /* Release */ = {
			isa = XCBuildConfiguration;
			buildSettings = {
				ASSETCATALOG_COMPILER_APPICON_NAME = AppIcon;
				ASSETCATALOG_COMPILER_GLOBAL_ACCENT_COLOR_NAME = AccentColor;
				CODE_SIGN_STYLE = Automatic;
				DEVELOPMENT_ASSET_PATHS = "\"AlertBuilder/Preview Content\"";
				DEVELOPMENT_TEAM = RKV4UP49S6;
				ENABLE_PREVIEWS = YES;
				INFOPLIST_FILE = AlertBuilder/Info.plist;
				IPHONEOS_DEPLOYMENT_TARGET = 14.0;
				LD_RUNPATH_SEARCH_PATHS = (
					"$(inherited)",
					"@executable_path/Frameworks",
				);
				PRODUCT_BUNDLE_IDENTIFIER = com.createchsol.AlertBuilder;
				PRODUCT_NAME = "$(TARGET_NAME)";
				SWIFT_VERSION = 5.0;
				TARGETED_DEVICE_FAMILY = "1,2";
			};
			name = Release;
		};
/* End XCBuildConfiguration section */

/* Begin XCConfigurationList section */
		BBD6ABA525EC01F600E7593D /* Build configuration list for PBXProject "AlertBuilder" */ = {
			isa = XCConfigurationList;
			buildConfigurations = (
				BBD6ABB725EC01F700E7593D /* Debug */,
				BBD6ABB825EC01F700E7593D /* Release */,
			);
			defaultConfigurationIsVisible = 0;
			defaultConfigurationName = Release;
		};
		BBD6ABB925EC01F700E7593D /* Build configuration list for PBXNativeTarget "AlertBuilder" */ = {
			isa = XCConfigurationList;
			buildConfigurations = (
				BBD6ABBA25EC01F700E7593D /* Debug */,
				BBD6ABBB25EC01F700E7593D /* Release */,
			);
			defaultConfigurationIsVisible = 0;
			defaultConfigurationName = Release;
		};
/* End XCConfigurationList section */
	};
	rootObject = BBD6ABA225EC01F600E7593D /* Project object */;
}
